
Microsoft Visual Studio Solution File, Format Version 12.00
# Visual Studio Version 17
VisualStudioVersion = 17.10.34916.146
MinimumVisualStudioVersion = 10.0.40219.1
Project("{FAE04EC0-301F-11D3-BF4B-00C04F79EFBC}") = "BlazorDragonBall", "BlazorDragonBall\BlazorDragonBall.csproj", "{89B2542F-2180-480D-B2A9-22EC266A4421}"
EndProject
Global
	GlobalSection(SolutionConfigurationPlatforms) = preSolution
		Debug|Any CPU = Debug|Any CPU
		Release|Any CPU = Release|Any CPU
	EndGlobalSection
	GlobalSection(ProjectConfigurationPlatforms) = postSolution
		{89B2542F-2180-480D-B2A9-22EC266A4421}.Debug|Any CPU.ActiveCfg = Debug|Any CPU
		{89B2542F-2180-480D-B2A9-22EC266A4421}.Debug|Any CPU.Build.0 = Debug|Any CPU
		{89B2542F-2180-480D-B2A9-22EC266A4421}.Release|Any CPU.ActiveCfg = Release|Any CPU
		{89B2542F-2180-480D-B2A9-22EC266A4421}.Release|Any CPU.Build.0 = Release|Any CPU
	EndGlobalSection
	GlobalSection(SolutionProperties) = preSolution
		HideSolutionNode = FALSE
	EndGlobalSection
	GlobalSection(ExtensibilityGlobals) = postSolution
		SolutionGuid = {42059138-7054-44A0-A5D5-A37EB60B3B14}
	EndGlobalSection
EndGlobal
