
Microsoft Visual Studio Solution File, Format Version 12.00
# Visual Studio Version 17
VisualStudioVersion = 17.10.34916.146
MinimumVisualStudioVersion = 10.0.40219.1
Project("{FAE04EC0-301F-11D3-BF4B-00C04F79EFBC}") = "ConsumerDragonBallApi", "ConsumerDragonBallApi\ConsumerDragonBallApi.csproj", "{4250F5D7-3AB0-4ADE-9C51-F165EB3AD1AD}"
EndProject
Global
	GlobalSection(SolutionConfigurationPlatforms) = preSolution
		Debug|Any CPU = Debug|Any CPU
		Release|Any CPU = Release|Any CPU
	EndGlobalSection
	GlobalSection(ProjectConfigurationPlatforms) = postSolution
		{4250F5D7-3AB0-4ADE-9C51-F165EB3AD1AD}.Debug|Any CPU.ActiveCfg = Debug|Any CPU
		{4250F5D7-3AB0-4ADE-9C51-F165EB3AD1AD}.Debug|Any CPU.Build.0 = Debug|Any CPU
		{4250F5D7-3AB0-4ADE-9C51-F165EB3AD1AD}.Release|Any CPU.ActiveCfg = Release|Any CPU
		{4250F5D7-3AB0-4ADE-9C51-F165EB3AD1AD}.Release|Any CPU.Build.0 = Release|Any CPU
	EndGlobalSection
	GlobalSection(SolutionProperties) = preSolution
		HideSolutionNode = FALSE
	EndGlobalSection
	GlobalSection(ExtensibilityGlobals) = postSolution
		SolutionGuid = {D0794F93-DC42-4A91-9F11-338702F4F369}
	EndGlobalSection
EndGlobal
